
Microsoft Visual Studio Solution File, Format Version 12.00
# Visual Studio Version 17
VisualStudioVersion = 17.9.34607.119
MinimumVisualStudioVersion = 10.0.40219.1
Project("{9A19103F-16F7-4668-BE54-9A1E7A4F7556}") = "Overlord.Api", "Overlord.Api\Overlord.Api.csproj", "{4011D13D-6AFB-46EC-9C21-D6ABC0E126CF}"
EndProject
Project("{9A19103F-16F7-4668-BE54-9A1E7A4F7556}") = "Overlord.Application", "Overlord.Application\Overlord.Application.csproj", "{2D232EF1-F775-4C51-A8A7-109388817F90}"
EndProject
Project("{9A19103F-16F7-4668-BE54-9A1E7A4F7556}") = "Overlord.Infrastructure", "Overlord.Infrastructure\Overlord.Infrastructure.csproj", "{DE468738-02FD-4B1D-AD57-C6D28C5A4865}"
EndProject
Project("{9A19103F-16F7-4668-BE54-9A1E7A4F7556}") = "Overlord.Domain", "Overlord.Domain\Overlord.Domain.csproj", "{4BEC562C-A825-44EA-AF8E-2CF381C0C188}"
EndProject
Project("{9A19103F-16F7-4668-BE54-9A1E7A4F7556}") = "Overlord.DataAccess", "Overlord.DataAccess\Overlord.DataAccess.csproj", "{04224F80-9B7B-465B-BF55-6F833C1380AF}"
EndProject
Project("{9A19103F-16F7-4668-BE54-9A1E7A4F7556}") = "Overlord.IntegrationTests", "Overlord.IntegrationTests\Overlord.IntegrationTests.csproj", "{68EF3333-4CB8-43D6-A6E3-72BC5CCB4CB5}"
EndProject
Project("{FAE04EC0-301F-11D3-BF4B-00C04F79EFBC}") = "Overlord.Tests.Data", "Overlord.Tests.Data\Overlord.Tests.Data.csproj", "{96B1C700-3D15-4432-95F3-FB1C5F077272}"
EndProject
Project("{2150E333-8FDC-42A3-9474-1A3956D46DE8}") = "Solution Items", "Solution Items", "{9D987D40-C9B9-4DBF-B0D7-B4FCC7BD1DF8}"
	ProjectSection(SolutionItems) = preProject
		.editorconfig = .editorconfig
	EndProjectSection
EndProject
Global
	GlobalSection(SolutionConfigurationPlatforms) = preSolution
		Debug|Any CPU = Debug|Any CPU
		Release|Any CPU = Release|Any CPU
	EndGlobalSection
	GlobalSection(ProjectConfigurationPlatforms) = postSolution
		{4011D13D-6AFB-46EC-9C21-D6ABC0E126CF}.Debug|Any CPU.ActiveCfg = Debug|Any CPU
		{4011D13D-6AFB-46EC-9C21-D6ABC0E126CF}.Debug|Any CPU.Build.0 = Debug|Any CPU
		{4011D13D-6AFB-46EC-9C21-D6ABC0E126CF}.Release|Any CPU.ActiveCfg = Release|Any CPU
		{4011D13D-6AFB-46EC-9C21-D6ABC0E126CF}.Release|Any CPU.Build.0 = Release|Any CPU
		{2D232EF1-F775-4C51-A8A7-109388817F90}.Debug|Any CPU.ActiveCfg = Debug|Any CPU
		{2D232EF1-F775-4C51-A8A7-109388817F90}.Debug|Any CPU.Build.0 = Debug|Any CPU
		{2D232EF1-F775-4C51-A8A7-109388817F90}.Release|Any CPU.ActiveCfg = Release|Any CPU
		{2D232EF1-F775-4C51-A8A7-109388817F90}.Release|Any CPU.Build.0 = Release|Any CPU
		{DE468738-02FD-4B1D-AD57-C6D28C5A4865}.Debug|Any CPU.ActiveCfg = Debug|Any CPU
		{DE468738-02FD-4B1D-AD57-C6D28C5A4865}.Debug|Any CPU.Build.0 = Debug|Any CPU
		{DE468738-02FD-4B1D-AD57-C6D28C5A4865}.Release|Any CPU.ActiveCfg = Release|Any CPU
		{DE468738-02FD-4B1D-AD57-C6D28C5A4865}.Release|Any CPU.Build.0 = Release|Any CPU
		{4BEC562C-A825-44EA-AF8E-2CF381C0C188}.Debug|Any CPU.ActiveCfg = Debug|Any CPU
		{4BEC562C-A825-44EA-AF8E-2CF381C0C188}.Debug|Any CPU.Build.0 = Debug|Any CPU
		{4BEC562C-A825-44EA-AF8E-2CF381C0C188}.Release|Any CPU.ActiveCfg = Release|Any CPU
		{4BEC562C-A825-44EA-AF8E-2CF381C0C188}.Release|Any CPU.Build.0 = Release|Any CPU
		{04224F80-9B7B-465B-BF55-6F833C1380AF}.Debug|Any CPU.ActiveCfg = Debug|Any CPU
		{04224F80-9B7B-465B-BF55-6F833C1380AF}.Debug|Any CPU.Build.0 = Debug|Any CPU
		{04224F80-9B7B-465B-BF55-6F833C1380AF}.Release|Any CPU.ActiveCfg = Release|Any CPU
		{04224F80-9B7B-465B-BF55-6F833C1380AF}.Release|Any CPU.Build.0 = Release|Any CPU
		{68EF3333-4CB8-43D6-A6E3-72BC5CCB4CB5}.Debug|Any CPU.ActiveCfg = Debug|Any CPU
		{68EF3333-4CB8-43D6-A6E3-72BC5CCB4CB5}.Debug|Any CPU.Build.0 = Debug|Any CPU
		{68EF3333-4CB8-43D6-A6E3-72BC5CCB4CB5}.Release|Any CPU.ActiveCfg = Release|Any CPU
		{68EF3333-4CB8-43D6-A6E3-72BC5CCB4CB5}.Release|Any CPU.Build.0 = Release|Any CPU
		{96B1C700-3D15-4432-95F3-FB1C5F077272}.Debug|Any CPU.ActiveCfg = Debug|Any CPU
		{96B1C700-3D15-4432-95F3-FB1C5F077272}.Debug|Any CPU.Build.0 = Debug|Any CPU
		{96B1C700-3D15-4432-95F3-FB1C5F077272}.Release|Any CPU.ActiveCfg = Release|Any CPU
		{96B1C700-3D15-4432-95F3-FB1C5F077272}.Release|Any CPU.Build.0 = Release|Any CPU
	EndGlobalSection
	GlobalSection(SolutionProperties) = preSolution
		HideSolutionNode = FALSE
	EndGlobalSection
	GlobalSection(ExtensibilityGlobals) = postSolution
		SolutionGuid = {8588FA79-04CE-47AC-905B-AB49B859E8BF}
	EndGlobalSection
EndGlobal
