
Microsoft Visual Studio Solution File, Format Version 12.00
# Visual Studio Version 17
VisualStudioVersion = 17.9.34607.119
MinimumVisualStudioVersion = 10.0.40219.1
Project("{FAE04EC0-301F-11D3-BF4B-00C04F79EFBC}") = "Overlord.Test.Client", "Overlord.Test.Client\Overlord.Test.Client.csproj", "{586C4A61-7284-42B8-AD6C-5E24736375F5}"
EndProject
Global
	GlobalSection(SolutionConfigurationPlatforms) = preSolution
		Debug|Any CPU = Debug|Any CPU
		Release|Any CPU = Release|Any CPU
	EndGlobalSection
	GlobalSection(ProjectConfigurationPlatforms) = postSolution
		{586C4A61-7284-42B8-AD6C-5E24736375F5}.Debug|Any CPU.ActiveCfg = Debug|Any CPU
		{586C4A61-7284-42B8-AD6C-5E24736375F5}.Debug|Any CPU.Build.0 = Debug|Any CPU
		{586C4A61-7284-42B8-AD6C-5E24736375F5}.Release|Any CPU.ActiveCfg = Release|Any CPU
		{586C4A61-7284-42B8-AD6C-5E24736375F5}.Release|Any CPU.Build.0 = Release|Any CPU
	EndGlobalSection
	GlobalSection(SolutionProperties) = preSolution
		HideSolutionNode = FALSE
	EndGlobalSection
	GlobalSection(ExtensibilityGlobals) = postSolution
		SolutionGuid = {F7C8237E-06EA-4910-9668-B1BBB8257795}
	EndGlobalSection
EndGlobal
